
Microsoft Visual Studio Solution File, Format Version 12.00
# Visual Studio 14
VisualStudioVersion = 14.0.25420.1
MinimumVisualStudioVersion = 10.0.40219.1
Project("{FAE04EC0-301F-11D3-BF4B-00C04F79EFBC}") = "DittoContextExample", "DittoContextExample\DittoContextExample.csproj", "{35CF9D3D-C011-4CAC-8837-011FC561A82E}"
EndProject
Project("{2150E333-8FDC-42A3-9474-1A3956D46DE8}") = "Repo Files", "Repo Files", "{3C7C0048-1A36-4EA8-B510-3185373DF058}"
	ProjectSection(SolutionItems) = preProject
		.gitignore = .gitignore
	EndProjectSection
EndProject
Project("{FAE04EC0-301F-11D3-BF4B-00C04F79EFBC}") = "App", "App\App.csproj", "{D1F65066-D47E-4906-90F2-D6550F63F85B}"
EndProject
Global
	GlobalSection(SolutionConfigurationPlatforms) = preSolution
		Debug|Any CPU = Debug|Any CPU
		Release|Any CPU = Release|Any CPU
	EndGlobalSection
	GlobalSection(ProjectConfigurationPlatforms) = postSolution
		{35CF9D3D-C011-4CAC-8837-011FC561A82E}.Debug|Any CPU.ActiveCfg = Debug|Any CPU
		{35CF9D3D-C011-4CAC-8837-011FC561A82E}.Debug|Any CPU.Build.0 = Debug|Any CPU
		{35CF9D3D-C011-4CAC-8837-011FC561A82E}.Release|Any CPU.ActiveCfg = Release|Any CPU
		{35CF9D3D-C011-4CAC-8837-011FC561A82E}.Release|Any CPU.Build.0 = Release|Any CPU
		{D1F65066-D47E-4906-90F2-D6550F63F85B}.Debug|Any CPU.ActiveCfg = Debug|Any CPU
		{D1F65066-D47E-4906-90F2-D6550F63F85B}.Debug|Any CPU.Build.0 = Debug|Any CPU
		{D1F65066-D47E-4906-90F2-D6550F63F85B}.Release|Any CPU.ActiveCfg = Release|Any CPU
		{D1F65066-D47E-4906-90F2-D6550F63F85B}.Release|Any CPU.Build.0 = Release|Any CPU
	EndGlobalSection
	GlobalSection(SolutionProperties) = preSolution
		HideSolutionNode = FALSE
	EndGlobalSection
EndGlobal
